
Microsoft Visual Studio Solution File, Format Version 11.00
# Visual Studio 2010
Project("{FAE04EC0-301F-11D3-BF4B-00C04F79EFBC}") = "CariLogo", "Assembly-CSharp.csproj", "{0ADBE04C-D7D4-1E4A-DE8F-61B10F868FA2}"
EndProject
Project("{FAE04EC0-301F-11D3-BF4B-00C04F79EFBC}") = "CariLogo", "Assembly-CSharp-Editor.csproj", "{005DC391-92D1-2B29-86FB-932E39814DB6}"
EndProject
Global
	GlobalSection(SolutionConfigurationPlatforms) = preSolution
		Debug|Any CPU = Debug|Any CPU
		Release|Any CPU = Release|Any CPU
	EndGlobalSection
	GlobalSection(ProjectConfigurationPlatforms) = postSolution
		{0ADBE04C-D7D4-1E4A-DE8F-61B10F868FA2}.Debug|Any CPU.ActiveCfg = Debug|Any CPU
		{0ADBE04C-D7D4-1E4A-DE8F-61B10F868FA2}.Debug|Any CPU.Build.0 = Debug|Any CPU
		{0ADBE04C-D7D4-1E4A-DE8F-61B10F868FA2}.Release|Any CPU.ActiveCfg = Release|Any CPU
		{0ADBE04C-D7D4-1E4A-DE8F-61B10F868FA2}.Release|Any CPU.Build.0 = Release|Any CPU
		{005DC391-92D1-2B29-86FB-932E39814DB6}.Debug|Any CPU.ActiveCfg = Debug|Any CPU
		{005DC391-92D1-2B29-86FB-932E39814DB6}.Debug|Any CPU.Build.0 = Debug|Any CPU
		{005DC391-92D1-2B29-86FB-932E39814DB6}.Release|Any CPU.ActiveCfg = Release|Any CPU
		{005DC391-92D1-2B29-86FB-932E39814DB6}.Release|Any CPU.Build.0 = Release|Any CPU
	EndGlobalSection
	GlobalSection(SolutionProperties) = preSolution
		HideSolutionNode = FALSE
	EndGlobalSection
	GlobalSection(MonoDevelopProperties) = preSolution
		StartupItem = Assembly-CSharp.csproj
	EndGlobalSection
EndGlobal
